
Microsoft Visual Studio Solution File, Format Version 12.00
# Visual Studio Version 17
VisualStudioVersion = 17.0.31919.166
MinimumVisualStudioVersion = 10.0.40219.1
Project("{9A19103F-16F7-4668-BE54-9A1E7A4F7556}") = "MovieTickets", "MovieTickets.csproj", "{1D14160A-6034-4C85-A15A-2A6D793E2319}"
EndProject
Global
	GlobalSection(SolutionConfigurationPlatforms) = preSolution
		Debug|Any CPU = Debug|Any CPU
		Release|Any CPU = Release|Any CPU
	EndGlobalSection
	GlobalSection(ProjectConfigurationPlatforms) = postSolution
		{1D14160A-6034-4C85-A15A-2A6D793E2319}.Debug|Any CPU.ActiveCfg = Debug|Any CPU
		{1D14160A-6034-4C85-A15A-2A6D793E2319}.Debug|Any CPU.Build.0 = Debug|Any CPU
		{1D14160A-6034-4C85-A15A-2A6D793E2319}.Release|Any CPU.ActiveCfg = Release|Any CPU
		{1D14160A-6034-4C85-A15A-2A6D793E2319}.Release|Any CPU.Build.0 = Release|Any CPU
	EndGlobalSection
	GlobalSection(SolutionProperties) = preSolution
		HideSolutionNode = FALSE
	EndGlobalSection
	GlobalSection(ExtensibilityGlobals) = postSolution
		SolutionGuid = {EDECD563-B23F-42B8-962E-20D23F0B394D}
	EndGlobalSection
EndGlobal
